<?xml version="1.0" encoding="utf-8"?>
<Project ToolsVersion="4.0" xmlns="http://schemas.microsoft.com/developer/msbuild/2003">
  <ItemGroup>
    <Filter Include="Source Files">
      <UniqueIdentifier>{4FC737F1-C7A5-4376-A066-2A32D752A2FF}</UniqueIdentifier>
      <Extensions>cpp;c;cc;cxx;def;odl;idl;hpj;bat;asm;asmx</Extensions>
    </Filter>
    <Filter Include="Header Files">
      <UniqueIdentifier>{93995380-89BD-4b04-88EB-625FBE52EBFB}</UniqueIdentifier>
      <Extensions>h;hh;hpp;hxx;hm;inl;inc;xsd</Extensions>
    </Filter>
    <Filter Include="Resource Files">
      <UniqueIdentifier>{67DA6AB6-F800-4c08-8B7A-83BB121AAD01}</UniqueIdentifier>
      <Extensions>rc;ico;cur;bmp;dlg;rc2;rct;bin;rgs;gif;jpg;jpeg;jpe;resx;tiff;tif;png;wav;mfcribbon-ms</Extensions>
    </Filter>
  </ItemGroup>
  <ItemGroup>
    <ClCompile Include="Query\Distributed\QueryService.cpp">
      <Filter>Source Files</Filter>
    </ClCompile>
    <ClCompile Include="Query\Distributed\QueryServer.cpp">
      <Filter>Source Files</Filter>
    </ClCompile>
    <ClCompile Include="Query\Util\network.cpp">
      <Filter>Source Files</Filter>
    </ClCompile>
    <ClCompile Include="Query\Distributed\MessageProtocol.pb.cc">
      <Filter>Source Files</Filter>
    </ClCompile>
  </ItemGroup>
  <ItemGroup>
    <ClInclude Include="Query\Distributed\Node.h">
      <Filter>Header Files</Filter>
    </ClInclude>
    <ClInclude Include="Query\Distributed\QueryClient.h">
      <Filter>Header Files</Filter>
    </ClInclude>
    <ClInclude Include="Query\Distributed\QueryRunner.h">
      <Filter>Header Files</Filter>
    </ClInclude>
    <ClInclude Include="Query\Distributed\QueryService.h">
      <Filter>Header Files</Filter>
    </ClInclude>
    <ClInclude Include="Query\Matcher\ClassHelper.h">
      <Filter>Header Files</Filter>
    </ClInclude>
    <ClInclude Include="Query\Matcher\IClassHelper.h">
      <Filter>Header Files</Filter>
    </ClInclude>
    <ClInclude Include="Query\Matcher\ISearchContext.h">
      <Filter>Header Files</Filter>
    </ClInclude>
    <ClInclude Include="Query\Matcher\ModelIndex.h">
      <Filter>Header Files</Filter>
    </ClInclude>
    <ClInclude Include="Query\Model\IModelElemService.h">
      <Filter>Header Files</Filter>
    </ClInclude>
    <ClInclude Include="Query\Model\LocalElement.h">
      <Filter>Header Files</Filter>
    </ClInclude>
    <ClInclude Include="Query\Model\MetaData.h">
      <Filter>Header Files</Filter>
    </ClInclude>
    <ClInclude Include="Query\Model\ModelElement.h">
      <Filter>Header Files</Filter>
    </ClInclude>
    <ClInclude Include="Query\Model\RemoteElement.h">
      <Filter>Header Files</Filter>
    </ClInclude>
    <ClInclude Include="Query\Operations\Check\AssociationCheck.h">
      <Filter>Header Files</Filter>
    </ClInclude>
    <ClInclude Include="Query\Operations\Check\CheckExpression.h">
      <Filter>Header Files</Filter>
    </ClInclude>
    <ClInclude Include="Query\Operations\Check\CheckOperation.h">
      <Filter>Header Files</Filter>
    </ClInclude>
    <ClInclude Include="Query\Operations\Check\ConstantValueCheck.h">
      <Filter>Header Files</Filter>
    </ClInclude>
    <ClInclude Include="Query\Operations\Check\InequalityCheck.h">
      <Filter>Header Files</Filter>
    </ClInclude>
    <ClInclude Include="Query\Operations\Check\InstanceOfCheck.h">
      <Filter>Header Files</Filter>
    </ClInclude>
    <ClInclude Include="Query\Operations\Check\NACOperation.h">
      <Filter>Header Files</Filter>
    </ClInclude>
    <ClInclude Include="Query\Operations\Check\PatternMatchCounterCheck.h">
      <Filter>Header Files</Filter>
    </ClInclude>
    <ClInclude Include="Query\Operations\Check\TransitiveClosureCheck.h">
      <Filter>Header Files</Filter>
    </ClInclude>
    <ClInclude Include="Query\Operations\Extend\ConstantValueExtend.h">
      <Filter>Header Files</Filter>
    </ClInclude>
    <ClInclude Include="Query\Operations\Extend\ExtendOperation.h">
      <Filter>Header Files</Filter>
    </ClInclude>
    <ClInclude Include="Query\Operations\Extend\IterateOverInstances.h">
      <Filter>Header Files</Filter>
    </ClInclude>
    <ClInclude Include="Query\Operations\Extend\NavigateAssociation.h">
      <Filter>Header Files</Filter>
    </ClInclude>
    <ClInclude Include="Query\Operations\Extend\PatternMatchCounterExtend.h">
      <Filter>Header Files</Filter>
    </ClInclude>
    <ClInclude Include="Query\Operations\AllOperations.h">
      <Filter>Header Files</Filter>
    </ClInclude>
    <ClInclude Include="Query\Operations\ISearchOperation.h">
      <Filter>Header Files</Filter>
    </ClInclude>
    <ClInclude Include="Query\Plan\SearchPlan.h">
      <Filter>Header Files</Filter>
    </ClInclude>
    <ClInclude Include="Query\Plan\SearchPlanExecutor.h">
      <Filter>Header Files</Filter>
    </ClInclude>
    <ClInclude Include="Query\Util\Defs.h">
      <Filter>Header Files</Filter>
    </ClInclude>
    <ClInclude Include="Query\Util\IsNull.h">
      <Filter>Header Files</Filter>
    </ClInclude>
    <ClInclude Include="Query\Util\Optional.h">
      <Filter>Header Files</Filter>
    </ClInclude>
    <ClInclude Include="Query\QueryEngine.h">
      <Filter>Header Files</Filter>
    </ClInclude>
    <ClInclude Include="Query\Distributed\QueryServer.h">
      <Filter>Header Files</Filter>
    </ClInclude>
    <ClInclude Include="Query\Distributed\QueryTask.h">
      <Filter>Header Files</Filter>
    </ClInclude>
    <ClInclude Include="Query\Util\ConcurrentQueue.h">
      <Filter>Header Files</Filter>
    </ClInclude>
    <ClInclude Include="Query\Util\network.h">
      <Filter>Header Files</Filter>
    </ClInclude>
    <ClInclude Include="Query\Distributed\MessageProtocol.pb.h">
      <Filter>Header Files</Filter>
    </ClInclude>
    <ClInclude Include="Query\Distributed\QueryResultCollector.h">
      <Filter>Header Files</Filter>
    </ClInclude>
    <ClInclude Include="Query\Util\HierarchicalID.h">
      <Filter>Header Files</Filter>
    </ClInclude>
    <ClInclude Include="Query\Distributed\IDGenerator.h">
      <Filter>Header Files</Filter>
    </ClInclude>
    <ClInclude Include="Query\Distributed\QueryFuture.h">
      <Filter>Header Files</Filter>
    </ClInclude>
    <ClInclude Include="Query\MatchSet.h">
      <Filter>Header Files</Filter>
    </ClInclude>
    <ClInclude Include="Query\Util\BufferedSet.h">
      <Filter>Header Files</Filter>
    </ClInclude>
  </ItemGroup>
  <ItemGroup>
    <None Include="Query\Distributed\MessageProtocol.proto" />
    <None Include="Query\Distributed\CompileProtobuf.bat">
      <Filter>Source Files</Filter>
    </None>
  </ItemGroup>
</Project>